
Microsoft Visual Studio Solution File, Format Version 12.00
# Visual Studio Version 17
VisualStudioVersion = 17.9.34607.119
MinimumVisualStudioVersion = 10.0.40219.1
Project("{FAE04EC0-301F-11D3-BF4B-00C04F79EFBC}") = "NasimC#", "NasimC#\NasimC#.csproj", "{82EA9609-BB75-4F76-B2F3-433B5C311FCA}"
EndProject
Global
	GlobalSection(SolutionConfigurationPlatforms) = preSolution
		Debug|Any CPU = Debug|Any CPU
		Release|Any CPU = Release|Any CPU
	EndGlobalSection
	GlobalSection(ProjectConfigurationPlatforms) = postSolution
		{82EA9609-BB75-4F76-B2F3-433B5C311FCA}.Debug|Any CPU.ActiveCfg = Debug|Any CPU
		{82EA9609-BB75-4F76-B2F3-433B5C311FCA}.Debug|Any CPU.Build.0 = Debug|Any CPU
		{82EA9609-BB75-4F76-B2F3-433B5C311FCA}.Release|Any CPU.ActiveCfg = Release|Any CPU
		{82EA9609-BB75-4F76-B2F3-433B5C311FCA}.Release|Any CPU.Build.0 = Release|Any CPU
	EndGlobalSection
	GlobalSection(SolutionProperties) = preSolution
		HideSolutionNode = FALSE
	EndGlobalSection
	GlobalSection(ExtensibilityGlobals) = postSolution
		SolutionGuid = {888738B2-3FA6-4B88-BC09-3A627A13B539}
	EndGlobalSection
EndGlobal
